
Microsoft Visual Studio Solution File, Format Version 12.00
# Visual Studio 2015
Project("{FAE04EC0-301F-11D3-BF4B-00C04F79EFBC}") = "CallingQueue.CSharp", "CallingQueue.CSharp.csproj", "{C28C2775-D16D-70DC-D8BC-074B0A06309A}"
EndProject
Global
	GlobalSection(SolutionConfigurationPlatforms) = preSolution
		Debug|Any CPU = Debug|Any CPU
		Release|Any CPU = Release|Any CPU
	EndGlobalSection
	GlobalSection(ProjectConfigurationPlatforms) = postSolution
		{C28C2775-D16D-70DC-D8BC-074B0A06309A}.Debug|Any CPU.ActiveCfg = Debug|Any CPU
		{C28C2775-D16D-70DC-D8BC-074B0A06309A}.Debug|Any CPU.Build.0 = Debug|Any CPU
		{C28C2775-D16D-70DC-D8BC-074B0A06309A}.Release|Any CPU.ActiveCfg = Release|Any CPU
		{C28C2775-D16D-70DC-D8BC-074B0A06309A}.Release|Any CPU.Build.0 = Release|Any CPU
	EndGlobalSection
	GlobalSection(SolutionProperties) = preSolution
		HideSolutionNode = FALSE
	EndGlobalSection
EndGlobal
